schema: '2.0'
stages:
  data_ingestion:
    cmd: python src\data\data_ingestion.py
    deps:
    - path: src\data\data_ingestion.py
      hash: md5
      md5: 47d6a567e73809e4e496f7d39339665c
      size: 3225
    outs:
    - path: data\raw\test.csv
      hash: md5
      md5: b3f53f996a212e79082162a444cdabd3
      size: 206125
    - path: data\raw\train.csv
      hash: md5
      md5: 40d36c7b86eda967f175fe00144ae8ec
      size: 621848
  data_preprocessing:
    cmd: python src\data\data_preprocessing.py
    deps:
    - path: data\raw\test.csv
      hash: md5
      md5: b3f53f996a212e79082162a444cdabd3
      size: 206125
    - path: data\raw\train.csv
      hash: md5
      md5: 40d36c7b86eda967f175fe00144ae8ec
      size: 621848
    - path: src\data\data_preprocessing.py
      hash: md5
      md5: cb713ee9edefeea04e38d8e744a06d68
      size: 2340
    outs:
    - path: data\processed\test.csv
      hash: md5
      md5: b3f53f996a212e79082162a444cdabd3
      size: 206125
    - path: data\processed\train.csv
      hash: md5
      md5: 40d36c7b86eda967f175fe00144ae8ec
      size: 621848
  feature_engg:
    cmd: python src\features\feature_engg.py
    deps:
    - path: data\processed\test.csv
      hash: md5
      md5: b3f53f996a212e79082162a444cdabd3
      size: 206125
    - path: data\processed\train.csv
      hash: md5
      md5: 40d36c7b86eda967f175fe00144ae8ec
      size: 621848
    - path: src\features\feature_engg.py
      hash: md5
      md5: f299566a3a5ae4b19dd624496615eb82
      size: 4300
    outs:
    - path: data\interim\test_bow.csv
      hash: md5
      md5: 80dafd21ef6d58bb8777237f58b28847
      size: 111599
    - path: data\interim\train_bow.csv
      hash: md5
      md5: 72f613f85f33cf94a73908a7f3d12349
      size: 334597
  modelling:
    cmd: python src\models\modelling.py
    deps:
    - path: data\interim\train_bow.csv
      hash: md5
      md5: 72f613f85f33cf94a73908a7f3d12349
      size: 334597
    - path: src\models\modelling.py
      hash: md5
      md5: 5168f7423f2f22d122e856fb4898a169
      size: 2936
    outs:
    - path: models\random_forest_model.pkl
      hash: md5
      md5: d3980878241a04fc1d9f75c1c021f65f
      size: 2876864
  model_evaluation:
    cmd: python src\models\model_evaluation.py
    deps:
    - path: data\interim\test_bow.csv
      hash: md5
      md5: 80dafd21ef6d58bb8777237f58b28847
      size: 111599
    - path: models\random_forest_model.pkl
      hash: md5
      md5: d3980878241a04fc1d9f75c1c021f65f
      size: 2876864
    - path: src\models\model_evaluation.py
      hash: md5
      md5: 8bf7f848b4f47b5df24ff0009b2ff014
      size: 2983
    outs:
    - path: reports\evaluation_metrics.json
      hash: md5
      md5: 54197fae567afa93de7ce2619da7cd88
      size: 149
