schema: '2.0'
stages:
  data_ingestion:
    cmd: python src\data\data_ingestion.py
    deps:
    - path: src\data\data_ingestion.py
      hash: md5
      md5: 74e1fd2c5de51561a77f161f6cfc94a5
      size: 1072
    outs:
    - path: data\raw\test.csv
      hash: md5
      md5: 35b06980c6e00772e6bf783ae10ab9b7
      size: 164174
    - path: data\raw\train.csv
      hash: md5
      md5: a2aa88dfae8af3dc60e6e24a09304f4e
      size: 663799
  data_preprocessing:
    cmd: python src\data\data_preprocessing.py
    deps:
    - path: data\raw\test.csv
      hash: md5
      md5: 35b06980c6e00772e6bf783ae10ab9b7
      size: 164174
    - path: data\raw\train.csv
      hash: md5
      md5: a2aa88dfae8af3dc60e6e24a09304f4e
      size: 663799
    - path: src\data\data_preprocessing.py
      hash: md5
      md5: 8522c51e72f92cbe2c80f7a9527bb946
      size: 363
    outs:
    - path: data\processed\test.csv
      hash: md5
      md5: 35b06980c6e00772e6bf783ae10ab9b7
      size: 164174
    - path: data\processed\train.csv
      hash: md5
      md5: a2aa88dfae8af3dc60e6e24a09304f4e
      size: 663799
  feature_engg:
    cmd: python src\features\feature_engg.py
    deps:
    - path: data\processed\test.csv
      hash: md5
      md5: 35b06980c6e00772e6bf783ae10ab9b7
      size: 164174
    - path: data\processed\train.csv
      hash: md5
      md5: a2aa88dfae8af3dc60e6e24a09304f4e
      size: 663799
    - path: src\features\feature_engg.py
      hash: md5
      md5: 3af422171a7170a3b471aaadb276d6a0
      size: 1373
    outs:
    - path: data\interim\test_bow.csv
      hash: md5
      md5: a32b83586a1afba718c6642ea1939b1c
      size: 64820410
    - path: data\interim\train_bow.csv
      hash: md5
      md5: 1fac8ace09f623f4f55433d5718785e1
      size: 259002986
  modelling:
    cmd: python src\models\modelling.py
    deps:
    - path: data\interim\train_bow.csv
      hash: md5
      md5: 1fac8ace09f623f4f55433d5718785e1
      size: 259002986
    - path: src\models\modelling.py
      hash: md5
      md5: 3b4d76ff8c1b67b2a289827816cff2f9
      size: 720
    outs:
    - path: models\random_forest_model.pkl
      hash: md5
      md5: 516d2d4a1f7b2a580743994a318c17fb
      size: 53105473
  model_evaluation:
    cmd: python src\models\model_evaluation.py
    deps:
    - path: data\interim\test_bow.csv
      hash: md5
      md5: a32b83586a1afba718c6642ea1939b1c
      size: 64820410
    - path: models\random_forest_model.pkl
      hash: md5
      md5: 516d2d4a1f7b2a580743994a318c17fb
      size: 53105473
    - path: src\models\model_evaluation.py
      hash: md5
      md5: 633de373d7158c931080fddd75f46fbe
      size: 1142
    outs:
    - path: reports\evaluation_metrics.json
      hash: md5
      md5: 2cc609fa7819ad8600d10e6910717ad4
      size: 149
